# @generated by Move, please check-in and do not edit manually.

[move]
version = 2
manifest_digest = "A83699BB3FAC647F083D3B81B614B9E2277FF822DB159FA0E17BD3706BA75400"
deps_digest = "F8BBB0CCB2491CA29A3DF03D6F92277A4F3574266507ACD77214D37ECA3F3082"
dependencies = [
  { name = "Sui" },
]

[[move.package]]
name = "MoveStdlib"
source = { git = "https://github.com/MystenLabs/sui.git", rev = "framework/testnet", subdir = "crates/sui-framework/packages/move-stdlib" }

[[move.package]]
name = "Sui"
source = { git = "https://github.com/MystenLabs/sui.git", rev = "framework/testnet", subdir = "crates/sui-framework/packages/sui-framework" }

dependencies = [
  { name = "MoveStdlib" },
]

[move.toolchain-version]
compiler-version = "1.31.1"
edition = "2024.beta"
flavor = "sui"

[env]

[env.localnet_proxy]
chain-id = "7664313f"
original-published-id = "0x140dfdf525c123fca5c45388cb0b24192ca00c687962344bd53d6de50aa7c501"
latest-published-id = "0x140dfdf525c123fca5c45388cb0b24192ca00c687962344bd53d6de50aa7c501"
published-version = "1"

[env.testnet]
chain-id = "4c78adac"
original-published-id = "0xa09d2d56b2ee6ac0242ebadf85220ea4b3cd6174f6ae651b5d8d9c39a15f8ad6"
latest-published-id = "0xa09d2d56b2ee6ac0242ebadf85220ea4b3cd6174f6ae651b5d8d9c39a15f8ad6"
published-version = "1"
